
Microsoft Visual Studio Solution File, Format Version 12.00
# Visual Studio Version 17
VisualStudioVersion = 17.8.34004.107
MinimumVisualStudioVersion = 10.0.40219.1
Project("{9A19103F-16F7-4668-BE54-9A1E7A4F7556}") = "DataJuggler.Net9", "DataJuggler.Net9.csproj", "{895FEB6A-D760-4422-8E8E-DF04F86343B8}"
EndProject
Global
	GlobalSection(SolutionConfigurationPlatforms) = preSolution
		Debug|Any CPU = Debug|Any CPU
		Release|Any CPU = Release|Any CPU
	EndGlobalSection
	GlobalSection(ProjectConfigurationPlatforms) = postSolution
		{895FEB6A-D760-4422-8E8E-DF04F86343B8}.Debug|Any CPU.ActiveCfg = Debug|Any CPU
		{895FEB6A-D760-4422-8E8E-DF04F86343B8}.Debug|Any CPU.Build.0 = Debug|Any CPU
		{895FEB6A-D760-4422-8E8E-DF04F86343B8}.Release|Any CPU.ActiveCfg = Release|Any CPU
		{895FEB6A-D760-4422-8E8E-DF04F86343B8}.Release|Any CPU.Build.0 = Release|Any CPU
	EndGlobalSection
	GlobalSection(SolutionProperties) = preSolution
		HideSolutionNode = FALSE
	EndGlobalSection
	GlobalSection(ExtensibilityGlobals) = postSolution
		SolutionGuid = {085A4A2E-7922-4D4D-901B-35C284AE2F01}
	EndGlobalSection
EndGlobal
